# THIS IS AN AUTOGENERATED FILE. DO NOT EDIT THIS FILE DIRECTLY.
# yarn lockfile v1


big-integer@^1.6.23:
  version "1.6.23"
  resolved "https://registry.yarnpkg.com/big-integer/-/big-integer-1.6.23.tgz#e85d508220c74e3f43a4ce72eed51f3da4db94d1"

nan@^2.0.5:
  version "2.6.2"
  resolved "https://registry.yarnpkg.com/nan/-/nan-2.6.2.tgz#e4ff34e6c95fdfb5aecc08de6596f43605a7db45"

sha3@^1.2.0:
  version "1.2.0"
  resolved "https://registry.yarnpkg.com/sha3/-/sha3-1.2.0.tgz#6989f1b70a498705876a373e2c62ace96aa9399a"
  dependencies:
    nan "^2.0.5"
